
Microsoft Visual Studio Solution File, Format Version 12.00
# Visual Studio 15
VisualStudioVersion = 15.0.27703.2000
MinimumVisualStudioVersion = 10.0.40219.1
Project("{FAE04EC0-301F-11D3-BF4B-00C04F79EFBC}") = "Dip_XamarinExercises_SubTask3.Android", "Dip_XamarinExercises_SubTask3\Dip_XamarinExercises_SubTask3.Android\Dip_XamarinExercises_SubTask3.Android.csproj", "{0A8BBDEA-997D-41D3-8368-BFDA36BFED76}"
EndProject
Project("{FAE04EC0-301F-11D3-BF4B-00C04F79EFBC}") = "Dip_XamarinExercises_SubTask3.iOS", "Dip_XamarinExercises_SubTask3\Dip_XamarinExercises_SubTask3.iOS\Dip_XamarinExercises_SubTask3.iOS.csproj", "{311FB543-F6C3-49A8-B8DA-1C7633CFC243}"
EndProject
Project("{FAE04EC0-301F-11D3-BF4B-00C04F79EFBC}") = "Dip_XamarinExercises_SubTask3.UWP", "Dip_XamarinExercises_SubTask3\Dip_XamarinExercises_SubTask3.UWP\Dip_XamarinExercises_SubTask3.UWP.csproj", "{62EEBD11-B469-4279-B68F-D4FC962D39DD}"
EndProject
Project("{FAE04EC0-301F-11D3-BF4B-00C04F79EFBC}") = "Dip_XamarinExercises_SubTask3", "Dip_XamarinExercises_SubTask3\Dip_XamarinExercises_SubTask3\Dip_XamarinExercises_SubTask3.csproj", "{C5A83DEA-C6AD-4BA5-A6A8-06F66F5A8B69}"
EndProject
Global
	GlobalSection(SolutionConfigurationPlatforms) = preSolution
		Ad-Hoc|Any CPU = Ad-Hoc|Any CPU
		Ad-Hoc|ARM = Ad-Hoc|ARM
		Ad-Hoc|iPhone = Ad-Hoc|iPhone
		Ad-Hoc|iPhoneSimulator = Ad-Hoc|iPhoneSimulator
		Ad-Hoc|x64 = Ad-Hoc|x64
		Ad-Hoc|x86 = Ad-Hoc|x86
		AppStore|Any CPU = AppStore|Any CPU
		AppStore|ARM = AppStore|ARM
		AppStore|iPhone = AppStore|iPhone
		AppStore|iPhoneSimulator = AppStore|iPhoneSimulator
		AppStore|x64 = AppStore|x64
		AppStore|x86 = AppStore|x86
		Debug|Any CPU = Debug|Any CPU
		Debug|ARM = Debug|ARM
		Debug|iPhone = Debug|iPhone
		Debug|iPhoneSimulator = Debug|iPhoneSimulator
		Debug|x64 = Debug|x64
		Debug|x86 = Debug|x86
		Release|Any CPU = Release|Any CPU
		Release|ARM = Release|ARM
		Release|iPhone = Release|iPhone
		Release|iPhoneSimulator = Release|iPhoneSimulator
		Release|x64 = Release|x64
		Release|x86 = Release|x86
	EndGlobalSection
	GlobalSection(ProjectConfigurationPlatforms) = postSolution
		{0A8BBDEA-997D-41D3-8368-BFDA36BFED76}.Ad-Hoc|Any CPU.ActiveCfg = Release|Any CPU
		{0A8BBDEA-997D-41D3-8368-BFDA36BFED76}.Ad-Hoc|Any CPU.Build.0 = Release|Any CPU
		{0A8BBDEA-997D-41D3-8368-BFDA36BFED76}.Ad-Hoc|Any CPU.Deploy.0 = Release|Any CPU
		{0A8BBDEA-997D-41D3-8368-BFDA36BFED76}.Ad-Hoc|ARM.ActiveCfg = Release|Any CPU
		{0A8BBDEA-997D-41D3-8368-BFDA36BFED76}.Ad-Hoc|ARM.Build.0 = Release|Any CPU
		{0A8BBDEA-997D-41D3-8368-BFDA36BFED76}.Ad-Hoc|ARM.Deploy.0 = Release|Any CPU
		{0A8BBDEA-997D-41D3-8368-BFDA36BFED76}.Ad-Hoc|iPhone.ActiveCfg = Release|Any CPU
		{0A8BBDEA-997D-41D3-8368-BFDA36BFED76}.Ad-Hoc|iPhone.Build.0 = Release|Any CPU
		{0A8BBDEA-997D-41D3-8368-BFDA36BFED76}.Ad-Hoc|iPhone.Deploy.0 = Release|Any CPU
		{0A8BBDEA-997D-41D3-8368-BFDA36BFED76}.Ad-Hoc|iPhoneSimulator.ActiveCfg = Release|Any CPU
		{0A8BBDEA-997D-41D3-8368-BFDA36BFED76}.Ad-Hoc|iPhoneSimulator.Build.0 = Release|Any CPU
		{0A8BBDEA-997D-41D3-8368-BFDA36BFED76}.Ad-Hoc|iPhoneSimulator.Deploy.0 = Release|Any CPU
		{0A8BBDEA-997D-41D3-8368-BFDA36BFED76}.Ad-Hoc|x64.ActiveCfg = Release|Any CPU
		{0A8BBDEA-997D-41D3-8368-BFDA36BFED76}.Ad-Hoc|x64.Build.0 = Release|Any CPU
		{0A8BBDEA-997D-41D3-8368-BFDA36BFED76}.Ad-Hoc|x64.Deploy.0 = Release|Any CPU
		{0A8BBDEA-997D-41D3-8368-BFDA36BFED76}.Ad-Hoc|x86.ActiveCfg = Release|Any CPU
		{0A8BBDEA-997D-41D3-8368-BFDA36BFED76}.Ad-Hoc|x86.Build.0 = Release|Any CPU
		{0A8BBDEA-997D-41D3-8368-BFDA36BFED76}.Ad-Hoc|x86.Deploy.0 = Release|Any CPU
		{0A8BBDEA-997D-41D3-8368-BFDA36BFED76}.AppStore|Any CPU.ActiveCfg = Release|Any CPU
		{0A8BBDEA-997D-41D3-8368-BFDA36BFED76}.AppStore|Any CPU.Build.0 = Release|Any CPU
		{0A8BBDEA-997D-41D3-8368-BFDA36BFED76}.AppStore|Any CPU.Deploy.0 = Release|Any CPU
		{0A8BBDEA-997D-41D3-8368-BFDA36BFED76}.AppStore|ARM.ActiveCfg = Release|Any CPU
		{0A8BBDEA-997D-41D3-8368-BFDA36BFED76}.AppStore|ARM.Build.0 = Release|Any CPU
		{0A8BBDEA-997D-41D3-8368-BFDA36BFED76}.AppStore|ARM.Deploy.0 = Release|Any CPU
		{0A8BBDEA-997D-41D3-8368-BFDA36BFED76}.AppStore|iPhone.ActiveCfg = Release|Any CPU
		{0A8BBDEA-997D-41D3-8368-BFDA36BFED76}.AppStore|iPhone.Build.0 = Release|Any CPU
		{0A8BBDEA-997D-41D3-8368-BFDA36BFED76}.AppStore|iPhone.Deploy.0 = Release|Any CPU
		{0A8BBDEA-997D-41D3-8368-BFDA36BFED76}.AppStore|iPhoneSimulator.ActiveCfg = Release|Any CPU
		{0A8BBDEA-997D-41D3-8368-BFDA36BFED76}.AppStore|iPhoneSimulator.Build.0 = Release|Any CPU
		{0A8BBDEA-997D-41D3-8368-BFDA36BFED76}.AppStore|iPhoneSimulator.Deploy.0 = Release|Any CPU
		{0A8BBDEA-997D-41D3-8368-BFDA36BFED76}.AppStore|x64.ActiveCfg = Release|Any CPU
		{0A8BBDEA-997D-41D3-8368-BFDA36BFED76}.AppStore|x64.Build.0 = Release|Any CPU
		{0A8BBDEA-997D-41D3-8368-BFDA36BFED76}.AppStore|x64.Deploy.0 = Release|Any CPU
		{0A8BBDEA-997D-41D3-8368-BFDA36BFED76}.AppStore|x86.ActiveCfg = Release|Any CPU
		{0A8BBDEA-997D-41D3-8368-BFDA36BFED76}.AppStore|x86.Build.0 = Release|Any CPU
		{0A8BBDEA-997D-41D3-8368-BFDA36BFED76}.AppStore|x86.Deploy.0 = Release|Any CPU
		{0A8BBDEA-997D-41D3-8368-BFDA36BFED76}.Debug|Any CPU.ActiveCfg = Debug|Any CPU
		{0A8BBDEA-997D-41D3-8368-BFDA36BFED76}.Debug|Any CPU.Build.0 = Debug|Any CPU
		{0A8BBDEA-997D-41D3-8368-BFDA36BFED76}.Debug|Any CPU.Deploy.0 = Debug|Any CPU
		{0A8BBDEA-997D-41D3-8368-BFDA36BFED76}.Debug|ARM.ActiveCfg = Debug|Any CPU
		{0A8BBDEA-997D-41D3-8368-BFDA36BFED76}.Debug|ARM.Build.0 = Debug|Any CPU
		{0A8BBDEA-997D-41D3-8368-BFDA36BFED76}.Debug|ARM.Deploy.0 = Debug|Any CPU
		{0A8BBDEA-997D-41D3-8368-BFDA36BFED76}.Debug|iPhone.ActiveCfg = Debug|Any CPU
		{0A8BBDEA-997D-41D3-8368-BFDA36BFED76}.Debug|iPhone.Build.0 = Debug|Any CPU
		{0A8BBDEA-997D-41D3-8368-BFDA36BFED76}.Debug|iPhone.Deploy.0 = Debug|Any CPU
		{0A8BBDEA-997D-41D3-8368-BFDA36BFED76}.Debug|iPhoneSimulator.ActiveCfg = Debug|Any CPU
		{0A8BBDEA-997D-41D3-8368-BFDA36BFED76}.Debug|iPhoneSimulator.Build.0 = Debug|Any CPU
		{0A8BBDEA-997D-41D3-8368-BFDA36BFED76}.Debug|iPhoneSimulator.Deploy.0 = Debug|Any CPU
		{0A8BBDEA-997D-41D3-8368-BFDA36BFED76}.Debug|x64.ActiveCfg = Debug|Any CPU
		{0A8BBDEA-997D-41D3-8368-BFDA36BFED76}.Debug|x64.Build.0 = Debug|Any CPU
		{0A8BBDEA-997D-41D3-8368-BFDA36BFED76}.Debug|x64.Deploy.0 = Debug|Any CPU
		{0A8BBDEA-997D-41D3-8368-BFDA36BFED76}.Debug|x86.ActiveCfg = Debug|Any CPU
		{0A8BBDEA-997D-41D3-8368-BFDA36BFED76}.Debug|x86.Build.0 = Debug|Any CPU
		{0A8BBDEA-997D-41D3-8368-BFDA36BFED76}.Debug|x86.Deploy.0 = Debug|Any CPU
		{0A8BBDEA-997D-41D3-8368-BFDA36BFED76}.Release|Any CPU.ActiveCfg = Release|Any CPU
		{0A8BBDEA-997D-41D3-8368-BFDA36BFED76}.Release|Any CPU.Build.0 = Release|Any CPU
		{0A8BBDEA-997D-41D3-8368-BFDA36BFED76}.Release|Any CPU.Deploy.0 = Release|Any CPU
		{0A8BBDEA-997D-41D3-8368-BFDA36BFED76}.Release|ARM.ActiveCfg = Release|Any CPU
		{0A8BBDEA-997D-41D3-8368-BFDA36BFED76}.Release|ARM.Build.0 = Release|Any CPU
		{0A8BBDEA-997D-41D3-8368-BFDA36BFED76}.Release|ARM.Deploy.0 = Release|Any CPU
		{0A8BBDEA-997D-41D3-8368-BFDA36BFED76}.Release|iPhone.ActiveCfg = Release|Any CPU
		{0A8BBDEA-997D-41D3-8368-BFDA36BFED76}.Release|iPhone.Build.0 = Release|Any CPU
		{0A8BBDEA-997D-41D3-8368-BFDA36BFED76}.Release|iPhone.Deploy.0 = Release|Any CPU
		{0A8BBDEA-997D-41D3-8368-BFDA36BFED76}.Release|iPhoneSimulator.ActiveCfg = Release|Any CPU
		{0A8BBDEA-997D-41D3-8368-BFDA36BFED76}.Release|iPhoneSimulator.Build.0 = Release|Any CPU
		{0A8BBDEA-997D-41D3-8368-BFDA36BFED76}.Release|iPhoneSimulator.Deploy.0 = Release|Any CPU
		{0A8BBDEA-997D-41D3-8368-BFDA36BFED76}.Release|x64.ActiveCfg = Release|Any CPU
		{0A8BBDEA-997D-41D3-8368-BFDA36BFED76}.Release|x64.Build.0 = Release|Any CPU
		{0A8BBDEA-997D-41D3-8368-BFDA36BFED76}.Release|x64.Deploy.0 = Release|Any CPU
		{0A8BBDEA-997D-41D3-8368-BFDA36BFED76}.Release|x86.ActiveCfg = Release|Any CPU
		{0A8BBDEA-997D-41D3-8368-BFDA36BFED76}.Release|x86.Build.0 = Release|Any CPU
		{0A8BBDEA-997D-41D3-8368-BFDA36BFED76}.Release|x86.Deploy.0 = Release|Any CPU
		{311FB543-F6C3-49A8-B8DA-1C7633CFC243}.Ad-Hoc|Any CPU.ActiveCfg = Ad-Hoc|iPhone
		{311FB543-F6C3-49A8-B8DA-1C7633CFC243}.Ad-Hoc|Any CPU.Build.0 = Ad-Hoc|iPhone
		{311FB543-F6C3-49A8-B8DA-1C7633CFC243}.Ad-Hoc|Any CPU.Deploy.0 = Ad-Hoc|iPhone
		{311FB543-F6C3-49A8-B8DA-1C7633CFC243}.Ad-Hoc|ARM.ActiveCfg = Ad-Hoc|iPhone
		{311FB543-F6C3-49A8-B8DA-1C7633CFC243}.Ad-Hoc|ARM.Build.0 = Ad-Hoc|iPhone
		{311FB543-F6C3-49A8-B8DA-1C7633CFC243}.Ad-Hoc|ARM.Deploy.0 = Ad-Hoc|iPhone
		{311FB543-F6C3-49A8-B8DA-1C7633CFC243}.Ad-Hoc|iPhone.ActiveCfg = Ad-Hoc|iPhone
		{311FB543-F6C3-49A8-B8DA-1C7633CFC243}.Ad-Hoc|iPhone.Build.0 = Ad-Hoc|iPhone
		{311FB543-F6C3-49A8-B8DA-1C7633CFC243}.Ad-Hoc|iPhone.Deploy.0 = Ad-Hoc|iPhone
		{311FB543-F6C3-49A8-B8DA-1C7633CFC243}.Ad-Hoc|iPhoneSimulator.ActiveCfg = Ad-Hoc|iPhoneSimulator
		{311FB543-F6C3-49A8-B8DA-1C7633CFC243}.Ad-Hoc|iPhoneSimulator.Build.0 = Ad-Hoc|iPhoneSimulator
		{311FB543-F6C3-49A8-B8DA-1C7633CFC243}.Ad-Hoc|iPhoneSimulator.Deploy.0 = Ad-Hoc|iPhoneSimulator
		{311FB543-F6C3-49A8-B8DA-1C7633CFC243}.Ad-Hoc|x64.ActiveCfg = Ad-Hoc|iPhone
		{311FB543-F6C3-49A8-B8DA-1C7633CFC243}.Ad-Hoc|x64.Build.0 = Ad-Hoc|iPhone
		{311FB543-F6C3-49A8-B8DA-1C7633CFC243}.Ad-Hoc|x64.Deploy.0 = Ad-Hoc|iPhone
		{311FB543-F6C3-49A8-B8DA-1C7633CFC243}.Ad-Hoc|x86.ActiveCfg = Ad-Hoc|iPhone
		{311FB543-F6C3-49A8-B8DA-1C7633CFC243}.Ad-Hoc|x86.Build.0 = Ad-Hoc|iPhone
		{311FB543-F6C3-49A8-B8DA-1C7633CFC243}.Ad-Hoc|x86.Deploy.0 = Ad-Hoc|iPhone
		{311FB543-F6C3-49A8-B8DA-1C7633CFC243}.AppStore|Any CPU.ActiveCfg = AppStore|iPhone
		{311FB543-F6C3-49A8-B8DA-1C7633CFC243}.AppStore|Any CPU.Build.0 = AppStore|iPhone
		{311FB543-F6C3-49A8-B8DA-1C7633CFC243}.AppStore|Any CPU.Deploy.0 = AppStore|iPhone
		{311FB543-F6C3-49A8-B8DA-1C7633CFC243}.AppStore|ARM.ActiveCfg = AppStore|iPhone
		{311FB543-F6C3-49A8-B8DA-1C7633CFC243}.AppStore|ARM.Build.0 = AppStore|iPhone
		{311FB543-F6C3-49A8-B8DA-1C7633CFC243}.AppStore|ARM.Deploy.0 = AppStore|iPhone
		{311FB543-F6C3-49A8-B8DA-1C7633CFC243}.AppStore|iPhone.ActiveCfg = AppStore|iPhone
		{311FB543-F6C3-49A8-B8DA-1C7633CFC243}.AppStore|iPhone.Build.0 = AppStore|iPhone
		{311FB543-F6C3-49A8-B8DA-1C7633CFC243}.AppStore|iPhone.Deploy.0 = AppStore|iPhone
		{311FB543-F6C3-49A8-B8DA-1C7633CFC243}.AppStore|iPhoneSimulator.ActiveCfg = AppStore|iPhoneSimulator
		{311FB543-F6C3-49A8-B8DA-1C7633CFC243}.AppStore|iPhoneSimulator.Build.0 = AppStore|iPhoneSimulator
		{311FB543-F6C3-49A8-B8DA-1C7633CFC243}.AppStore|iPhoneSimulator.Deploy.0 = AppStore|iPhoneSimulator
		{311FB543-F6C3-49A8-B8DA-1C7633CFC243}.AppStore|x64.ActiveCfg = AppStore|iPhone
		{311FB543-F6C3-49A8-B8DA-1C7633CFC243}.AppStore|x64.Build.0 = AppStore|iPhone
		{311FB543-F6C3-49A8-B8DA-1C7633CFC243}.AppStore|x64.Deploy.0 = AppStore|iPhone
		{311FB543-F6C3-49A8-B8DA-1C7633CFC243}.AppStore|x86.ActiveCfg = AppStore|iPhone
		{311FB543-F6C3-49A8-B8DA-1C7633CFC243}.AppStore|x86.Build.0 = AppStore|iPhone
		{311FB543-F6C3-49A8-B8DA-1C7633CFC243}.AppStore|x86.Deploy.0 = AppStore|iPhone
		{311FB543-F6C3-49A8-B8DA-1C7633CFC243}.Debug|Any CPU.ActiveCfg = Debug|iPhoneSimulator
		{311FB543-F6C3-49A8-B8DA-1C7633CFC243}.Debug|Any CPU.Build.0 = Debug|iPhoneSimulator
		{311FB543-F6C3-49A8-B8DA-1C7633CFC243}.Debug|Any CPU.Deploy.0 = Debug|iPhoneSimulator
		{311FB543-F6C3-49A8-B8DA-1C7633CFC243}.Debug|ARM.ActiveCfg = Debug|iPhone
		{311FB543-F6C3-49A8-B8DA-1C7633CFC243}.Debug|ARM.Build.0 = Debug|iPhone
		{311FB543-F6C3-49A8-B8DA-1C7633CFC243}.Debug|ARM.Deploy.0 = Debug|iPhone
		{311FB543-F6C3-49A8-B8DA-1C7633CFC243}.Debug|iPhone.ActiveCfg = Debug|iPhone
		{311FB543-F6C3-49A8-B8DA-1C7633CFC243}.Debug|iPhone.Build.0 = Debug|iPhone
		{311FB543-F6C3-49A8-B8DA-1C7633CFC243}.Debug|iPhone.Deploy.0 = Debug|iPhone
		{311FB543-F6C3-49A8-B8DA-1C7633CFC243}.Debug|iPhoneSimulator.ActiveCfg = Debug|iPhoneSimulator
		{311FB543-F6C3-49A8-B8DA-1C7633CFC243}.Debug|iPhoneSimulator.Build.0 = Debug|iPhoneSimulator
		{311FB543-F6C3-49A8-B8DA-1C7633CFC243}.Debug|iPhoneSimulator.Deploy.0 = Debug|iPhoneSimulator
		{311FB543-F6C3-49A8-B8DA-1C7633CFC243}.Debug|x64.ActiveCfg = Debug|iPhone
		{311FB543-F6C3-49A8-B8DA-1C7633CFC243}.Debug|x64.Build.0 = Debug|iPhone
		{311FB543-F6C3-49A8-B8DA-1C7633CFC243}.Debug|x64.Deploy.0 = Debug|iPhone
		{311FB543-F6C3-49A8-B8DA-1C7633CFC243}.Debug|x86.ActiveCfg = Debug|iPhone
		{311FB543-F6C3-49A8-B8DA-1C7633CFC243}.Debug|x86.Build.0 = Debug|iPhone
		{311FB543-F6C3-49A8-B8DA-1C7633CFC243}.Debug|x86.Deploy.0 = Debug|iPhone
		{311FB543-F6C3-49A8-B8DA-1C7633CFC243}.Release|Any CPU.ActiveCfg = Release|iPhone
		{311FB543-F6C3-49A8-B8DA-1C7633CFC243}.Release|Any CPU.Build.0 = Release|iPhone
		{311FB543-F6C3-49A8-B8DA-1C7633CFC243}.Release|Any CPU.Deploy.0 = Release|iPhone
		{311FB543-F6C3-49A8-B8DA-1C7633CFC243}.Release|ARM.ActiveCfg = Release|iPhone
		{311FB543-F6C3-49A8-B8DA-1C7633CFC243}.Release|ARM.Build.0 = Release|iPhone
		{311FB543-F6C3-49A8-B8DA-1C7633CFC243}.Release|ARM.Deploy.0 = Release|iPhone
		{311FB543-F6C3-49A8-B8DA-1C7633CFC243}.Release|iPhone.ActiveCfg = Release|iPhone
		{311FB543-F6C3-49A8-B8DA-1C7633CFC243}.Release|iPhone.Build.0 = Release|iPhone
		{311FB543-F6C3-49A8-B8DA-1C7633CFC243}.Release|iPhone.Deploy.0 = Release|iPhone
		{311FB543-F6C3-49A8-B8DA-1C7633CFC243}.Release|iPhoneSimulator.ActiveCfg = Release|iPhoneSimulator
		{311FB543-F6C3-49A8-B8DA-1C7633CFC243}.Release|iPhoneSimulator.Build.0 = Release|iPhoneSimulator
		{311FB543-F6C3-49A8-B8DA-1C7633CFC243}.Release|iPhoneSimulator.Deploy.0 = Release|iPhoneSimulator
		{311FB543-F6C3-49A8-B8DA-1C7633CFC243}.Release|x64.ActiveCfg = Release|iPhone
		{311FB543-F6C3-49A8-B8DA-1C7633CFC243}.Release|x64.Build.0 = Release|iPhone
		{311FB543-F6C3-49A8-B8DA-1C7633CFC243}.Release|x64.Deploy.0 = Release|iPhone
		{311FB543-F6C3-49A8-B8DA-1C7633CFC243}.Release|x86.ActiveCfg = Release|iPhone
		{311FB543-F6C3-49A8-B8DA-1C7633CFC243}.Release|x86.Build.0 = Release|iPhone
		{311FB543-F6C3-49A8-B8DA-1C7633CFC243}.Release|x86.Deploy.0 = Release|iPhone
		{62EEBD11-B469-4279-B68F-D4FC962D39DD}.Ad-Hoc|Any CPU.ActiveCfg = Release|x86
		{62EEBD11-B469-4279-B68F-D4FC962D39DD}.Ad-Hoc|Any CPU.Build.0 = Release|x86
		{62EEBD11-B469-4279-B68F-D4FC962D39DD}.Ad-Hoc|Any CPU.Deploy.0 = Release|x86
		{62EEBD11-B469-4279-B68F-D4FC962D39DD}.Ad-Hoc|ARM.ActiveCfg = Release|ARM
		{62EEBD11-B469-4279-B68F-D4FC962D39DD}.Ad-Hoc|ARM.Build.0 = Release|ARM
		{62EEBD11-B469-4279-B68F-D4FC962D39DD}.Ad-Hoc|ARM.Deploy.0 = Release|ARM
		{62EEBD11-B469-4279-B68F-D4FC962D39DD}.Ad-Hoc|iPhone.ActiveCfg = Release|x86
		{62EEBD11-B469-4279-B68F-D4FC962D39DD}.Ad-Hoc|iPhone.Build.0 = Release|x86
		{62EEBD11-B469-4279-B68F-D4FC962D39DD}.Ad-Hoc|iPhone.Deploy.0 = Release|x86
		{62EEBD11-B469-4279-B68F-D4FC962D39DD}.Ad-Hoc|iPhoneSimulator.ActiveCfg = Release|x86
		{62EEBD11-B469-4279-B68F-D4FC962D39DD}.Ad-Hoc|iPhoneSimulator.Build.0 = Release|x86
		{62EEBD11-B469-4279-B68F-D4FC962D39DD}.Ad-Hoc|iPhoneSimulator.Deploy.0 = Release|x86
		{62EEBD11-B469-4279-B68F-D4FC962D39DD}.Ad-Hoc|x64.ActiveCfg = Release|x64
		{62EEBD11-B469-4279-B68F-D4FC962D39DD}.Ad-Hoc|x64.Build.0 = Release|x64
		{62EEBD11-B469-4279-B68F-D4FC962D39DD}.Ad-Hoc|x64.Deploy.0 = Release|x64
		{62EEBD11-B469-4279-B68F-D4FC962D39DD}.Ad-Hoc|x86.ActiveCfg = Release|x86
		{62EEBD11-B469-4279-B68F-D4FC962D39DD}.Ad-Hoc|x86.Build.0 = Release|x86
		{62EEBD11-B469-4279-B68F-D4FC962D39DD}.Ad-Hoc|x86.Deploy.0 = Release|x86
		{62EEBD11-B469-4279-B68F-D4FC962D39DD}.AppStore|Any CPU.ActiveCfg = Release|x86
		{62EEBD11-B469-4279-B68F-D4FC962D39DD}.AppStore|Any CPU.Build.0 = Release|x86
		{62EEBD11-B469-4279-B68F-D4FC962D39DD}.AppStore|Any CPU.Deploy.0 = Release|x86
		{62EEBD11-B469-4279-B68F-D4FC962D39DD}.AppStore|ARM.ActiveCfg = Release|ARM
		{62EEBD11-B469-4279-B68F-D4FC962D39DD}.AppStore|ARM.Build.0 = Release|ARM
		{62EEBD11-B469-4279-B68F-D4FC962D39DD}.AppStore|ARM.Deploy.0 = Release|ARM
		{62EEBD11-B469-4279-B68F-D4FC962D39DD}.AppStore|iPhone.ActiveCfg = Release|x86
		{62EEBD11-B469-4279-B68F-D4FC962D39DD}.AppStore|iPhone.Build.0 = Release|x86
		{62EEBD11-B469-4279-B68F-D4FC962D39DD}.AppStore|iPhone.Deploy.0 = Release|x86
		{62EEBD11-B469-4279-B68F-D4FC962D39DD}.AppStore|iPhoneSimulator.ActiveCfg = Release|x86
		{62EEBD11-B469-4279-B68F-D4FC962D39DD}.AppStore|iPhoneSimulator.Build.0 = Release|x86
		{62EEBD11-B469-4279-B68F-D4FC962D39DD}.AppStore|iPhoneSimulator.Deploy.0 = Release|x86
		{62EEBD11-B469-4279-B68F-D4FC962D39DD}.AppStore|x64.ActiveCfg = Release|x64
		{62EEBD11-B469-4279-B68F-D4FC962D39DD}.AppStore|x64.Build.0 = Release|x64
		{62EEBD11-B469-4279-B68F-D4FC962D39DD}.AppStore|x64.Deploy.0 = Release|x64
		{62EEBD11-B469-4279-B68F-D4FC962D39DD}.AppStore|x86.ActiveCfg = Release|x86
		{62EEBD11-B469-4279-B68F-D4FC962D39DD}.AppStore|x86.Build.0 = Release|x86
		{62EEBD11-B469-4279-B68F-D4FC962D39DD}.AppStore|x86.Deploy.0 = Release|x86
		{62EEBD11-B469-4279-B68F-D4FC962D39DD}.Debug|Any CPU.ActiveCfg = Debug|x86
		{62EEBD11-B469-4279-B68F-D4FC962D39DD}.Debug|Any CPU.Build.0 = Debug|x86
		{62EEBD11-B469-4279-B68F-D4FC962D39DD}.Debug|Any CPU.Deploy.0 = Debug|x86
		{62EEBD11-B469-4279-B68F-D4FC962D39DD}.Debug|ARM.ActiveCfg = Debug|ARM
		{62EEBD11-B469-4279-B68F-D4FC962D39DD}.Debug|ARM.Build.0 = Debug|ARM
		{62EEBD11-B469-4279-B68F-D4FC962D39DD}.Debug|ARM.Deploy.0 = Debug|ARM
		{62EEBD11-B469-4279-B68F-D4FC962D39DD}.Debug|iPhone.ActiveCfg = Debug|x86
		{62EEBD11-B469-4279-B68F-D4FC962D39DD}.Debug|iPhone.Build.0 = Debug|x86
		{62EEBD11-B469-4279-B68F-D4FC962D39DD}.Debug|iPhone.Deploy.0 = Debug|x86
		{62EEBD11-B469-4279-B68F-D4FC962D39DD}.Debug|iPhoneSimulator.ActiveCfg = Debug|x86
		{62EEBD11-B469-4279-B68F-D4FC962D39DD}.Debug|iPhoneSimulator.Build.0 = Debug|x86
		{62EEBD11-B469-4279-B68F-D4FC962D39DD}.Debug|iPhoneSimulator.Deploy.0 = Debug|x86
		{62EEBD11-B469-4279-B68F-D4FC962D39DD}.Debug|x64.ActiveCfg = Debug|x64
		{62EEBD11-B469-4279-B68F-D4FC962D39DD}.Debug|x64.Build.0 = Debug|x64
		{62EEBD11-B469-4279-B68F-D4FC962D39DD}.Debug|x64.Deploy.0 = Debug|x64
		{62EEBD11-B469-4279-B68F-D4FC962D39DD}.Debug|x86.ActiveCfg = Debug|x86
		{62EEBD11-B469-4279-B68F-D4FC962D39DD}.Debug|x86.Build.0 = Debug|x86
		{62EEBD11-B469-4279-B68F-D4FC962D39DD}.Debug|x86.Deploy.0 = Debug|x86
		{62EEBD11-B469-4279-B68F-D4FC962D39DD}.Release|Any CPU.ActiveCfg = Release|x86
		{62EEBD11-B469-4279-B68F-D4FC962D39DD}.Release|Any CPU.Build.0 = Release|x86
		{62EEBD11-B469-4279-B68F-D4FC962D39DD}.Release|Any CPU.Deploy.0 = Release|x86
		{62EEBD11-B469-4279-B68F-D4FC962D39DD}.Release|ARM.ActiveCfg = Release|ARM
		{62EEBD11-B469-4279-B68F-D4FC962D39DD}.Release|ARM.Build.0 = Release|ARM
		{62EEBD11-B469-4279-B68F-D4FC962D39DD}.Release|ARM.Deploy.0 = Release|ARM
		{62EEBD11-B469-4279-B68F-D4FC962D39DD}.Release|iPhone.ActiveCfg = Release|x86
		{62EEBD11-B469-4279-B68F-D4FC962D39DD}.Release|iPhone.Build.0 = Release|x86
		{62EEBD11-B469-4279-B68F-D4FC962D39DD}.Release|iPhone.Deploy.0 = Release|x86
		{62EEBD11-B469-4279-B68F-D4FC962D39DD}.Release|iPhoneSimulator.ActiveCfg = Release|x86
		{62EEBD11-B469-4279-B68F-D4FC962D39DD}.Release|iPhoneSimulator.Build.0 = Release|x86
		{62EEBD11-B469-4279-B68F-D4FC962D39DD}.Release|iPhoneSimulator.Deploy.0 = Release|x86
		{62EEBD11-B469-4279-B68F-D4FC962D39DD}.Release|x64.ActiveCfg = Release|x64
		{62EEBD11-B469-4279-B68F-D4FC962D39DD}.Release|x64.Build.0 = Release|x64
		{62EEBD11-B469-4279-B68F-D4FC962D39DD}.Release|x64.Deploy.0 = Release|x64
		{62EEBD11-B469-4279-B68F-D4FC962D39DD}.Release|x86.ActiveCfg = Release|x86
		{62EEBD11-B469-4279-B68F-D4FC962D39DD}.Release|x86.Build.0 = Release|x86
		{62EEBD11-B469-4279-B68F-D4FC962D39DD}.Release|x86.Deploy.0 = Release|x86
		{C5A83DEA-C6AD-4BA5-A6A8-06F66F5A8B69}.Ad-Hoc|Any CPU.ActiveCfg = Debug|Any CPU
		{C5A83DEA-C6AD-4BA5-A6A8-06F66F5A8B69}.Ad-Hoc|Any CPU.Build.0 = Debug|Any CPU
		{C5A83DEA-C6AD-4BA5-A6A8-06F66F5A8B69}.Ad-Hoc|Any CPU.Deploy.0 = Debug|Any CPU
		{C5A83DEA-C6AD-4BA5-A6A8-06F66F5A8B69}.Ad-Hoc|ARM.ActiveCfg = Debug|Any CPU
		{C5A83DEA-C6AD-4BA5-A6A8-06F66F5A8B69}.Ad-Hoc|ARM.Build.0 = Debug|Any CPU
		{C5A83DEA-C6AD-4BA5-A6A8-06F66F5A8B69}.Ad-Hoc|ARM.Deploy.0 = Debug|Any CPU
		{C5A83DEA-C6AD-4BA5-A6A8-06F66F5A8B69}.Ad-Hoc|iPhone.ActiveCfg = Debug|Any CPU
		{C5A83DEA-C6AD-4BA5-A6A8-06F66F5A8B69}.Ad-Hoc|iPhone.Build.0 = Debug|Any CPU
		{C5A83DEA-C6AD-4BA5-A6A8-06F66F5A8B69}.Ad-Hoc|iPhone.Deploy.0 = Debug|Any CPU
		{C5A83DEA-C6AD-4BA5-A6A8-06F66F5A8B69}.Ad-Hoc|iPhoneSimulator.ActiveCfg = Debug|Any CPU
		{C5A83DEA-C6AD-4BA5-A6A8-06F66F5A8B69}.Ad-Hoc|iPhoneSimulator.Build.0 = Debug|Any CPU
		{C5A83DEA-C6AD-4BA5-A6A8-06F66F5A8B69}.Ad-Hoc|iPhoneSimulator.Deploy.0 = Debug|Any CPU
		{C5A83DEA-C6AD-4BA5-A6A8-06F66F5A8B69}.Ad-Hoc|x64.ActiveCfg = Debug|Any CPU
		{C5A83DEA-C6AD-4BA5-A6A8-06F66F5A8B69}.Ad-Hoc|x64.Build.0 = Debug|Any CPU
		{C5A83DEA-C6AD-4BA5-A6A8-06F66F5A8B69}.Ad-Hoc|x64.Deploy.0 = Debug|Any CPU
		{C5A83DEA-C6AD-4BA5-A6A8-06F66F5A8B69}.Ad-Hoc|x86.ActiveCfg = Debug|Any CPU
		{C5A83DEA-C6AD-4BA5-A6A8-06F66F5A8B69}.Ad-Hoc|x86.Build.0 = Debug|Any CPU
		{C5A83DEA-C6AD-4BA5-A6A8-06F66F5A8B69}.Ad-Hoc|x86.Deploy.0 = Debug|Any CPU
		{C5A83DEA-C6AD-4BA5-A6A8-06F66F5A8B69}.AppStore|Any CPU.ActiveCfg = Debug|Any CPU
		{C5A83DEA-C6AD-4BA5-A6A8-06F66F5A8B69}.AppStore|Any CPU.Build.0 = Debug|Any CPU
		{C5A83DEA-C6AD-4BA5-A6A8-06F66F5A8B69}.AppStore|Any CPU.Deploy.0 = Debug|Any CPU
		{C5A83DEA-C6AD-4BA5-A6A8-06F66F5A8B69}.AppStore|ARM.ActiveCfg = Debug|Any CPU
		{C5A83DEA-C6AD-4BA5-A6A8-06F66F5A8B69}.AppStore|ARM.Build.0 = Debug|Any CPU
		{C5A83DEA-C6AD-4BA5-A6A8-06F66F5A8B69}.AppStore|ARM.Deploy.0 = Debug|Any CPU
		{C5A83DEA-C6AD-4BA5-A6A8-06F66F5A8B69}.AppStore|iPhone.ActiveCfg = Debug|Any CPU
		{C5A83DEA-C6AD-4BA5-A6A8-06F66F5A8B69}.AppStore|iPhone.Build.0 = Debug|Any CPU
		{C5A83DEA-C6AD-4BA5-A6A8-06F66F5A8B69}.AppStore|iPhone.Deploy.0 = Debug|Any CPU
		{C5A83DEA-C6AD-4BA5-A6A8-06F66F5A8B69}.AppStore|iPhoneSimulator.ActiveCfg = Debug|Any CPU
		{C5A83DEA-C6AD-4BA5-A6A8-06F66F5A8B69}.AppStore|iPhoneSimulator.Build.0 = Debug|Any CPU
		{C5A83DEA-C6AD-4BA5-A6A8-06F66F5A8B69}.AppStore|iPhoneSimulator.Deploy.0 = Debug|Any CPU
		{C5A83DEA-C6AD-4BA5-A6A8-06F66F5A8B69}.AppStore|x64.ActiveCfg = Debug|Any CPU
		{C5A83DEA-C6AD-4BA5-A6A8-06F66F5A8B69}.AppStore|x64.Build.0 = Debug|Any CPU
		{C5A83DEA-C6AD-4BA5-A6A8-06F66F5A8B69}.AppStore|x64.Deploy.0 = Debug|Any CPU
		{C5A83DEA-C6AD-4BA5-A6A8-06F66F5A8B69}.AppStore|x86.ActiveCfg = Debug|Any CPU
		{C5A83DEA-C6AD-4BA5-A6A8-06F66F5A8B69}.AppStore|x86.Build.0 = Debug|Any CPU
		{C5A83DEA-C6AD-4BA5-A6A8-06F66F5A8B69}.AppStore|x86.Deploy.0 = Debug|Any CPU
		{C5A83DEA-C6AD-4BA5-A6A8-06F66F5A8B69}.Debug|Any CPU.ActiveCfg = Debug|Any CPU
		{C5A83DEA-C6AD-4BA5-A6A8-06F66F5A8B69}.Debug|Any CPU.Build.0 = Debug|Any CPU
		{C5A83DEA-C6AD-4BA5-A6A8-06F66F5A8B69}.Debug|Any CPU.Deploy.0 = Debug|Any CPU
		{C5A83DEA-C6AD-4BA5-A6A8-06F66F5A8B69}.Debug|ARM.ActiveCfg = Debug|Any CPU
		{C5A83DEA-C6AD-4BA5-A6A8-06F66F5A8B69}.Debug|ARM.Build.0 = Debug|Any CPU
		{C5A83DEA-C6AD-4BA5-A6A8-06F66F5A8B69}.Debug|ARM.Deploy.0 = Debug|Any CPU
		{C5A83DEA-C6AD-4BA5-A6A8-06F66F5A8B69}.Debug|iPhone.ActiveCfg = Debug|Any CPU
		{C5A83DEA-C6AD-4BA5-A6A8-06F66F5A8B69}.Debug|iPhone.Build.0 = Debug|Any CPU
		{C5A83DEA-C6AD-4BA5-A6A8-06F66F5A8B69}.Debug|iPhone.Deploy.0 = Debug|Any CPU
		{C5A83DEA-C6AD-4BA5-A6A8-06F66F5A8B69}.Debug|iPhoneSimulator.ActiveCfg = Debug|Any CPU
		{C5A83DEA-C6AD-4BA5-A6A8-06F66F5A8B69}.Debug|iPhoneSimulator.Build.0 = Debug|Any CPU
		{C5A83DEA-C6AD-4BA5-A6A8-06F66F5A8B69}.Debug|iPhoneSimulator.Deploy.0 = Debug|Any CPU
		{C5A83DEA-C6AD-4BA5-A6A8-06F66F5A8B69}.Debug|x64.ActiveCfg = Debug|Any CPU
		{C5A83DEA-C6AD-4BA5-A6A8-06F66F5A8B69}.Debug|x64.Build.0 = Debug|Any CPU
		{C5A83DEA-C6AD-4BA5-A6A8-06F66F5A8B69}.Debug|x64.Deploy.0 = Debug|Any CPU
		{C5A83DEA-C6AD-4BA5-A6A8-06F66F5A8B69}.Debug|x86.ActiveCfg = Debug|Any CPU
		{C5A83DEA-C6AD-4BA5-A6A8-06F66F5A8B69}.Debug|x86.Build.0 = Debug|Any CPU
		{C5A83DEA-C6AD-4BA5-A6A8-06F66F5A8B69}.Debug|x86.Deploy.0 = Debug|Any CPU
		{C5A83DEA-C6AD-4BA5-A6A8-06F66F5A8B69}.Release|Any CPU.ActiveCfg = Release|Any CPU
		{C5A83DEA-C6AD-4BA5-A6A8-06F66F5A8B69}.Release|Any CPU.Build.0 = Release|Any CPU
		{C5A83DEA-C6AD-4BA5-A6A8-06F66F5A8B69}.Release|Any CPU.Deploy.0 = Release|Any CPU
		{C5A83DEA-C6AD-4BA5-A6A8-06F66F5A8B69}.Release|ARM.ActiveCfg = Release|Any CPU
		{C5A83DEA-C6AD-4BA5-A6A8-06F66F5A8B69}.Release|ARM.Build.0 = Release|Any CPU
		{C5A83DEA-C6AD-4BA5-A6A8-06F66F5A8B69}.Release|ARM.Deploy.0 = Release|Any CPU
		{C5A83DEA-C6AD-4BA5-A6A8-06F66F5A8B69}.Release|iPhone.ActiveCfg = Release|Any CPU
		{C5A83DEA-C6AD-4BA5-A6A8-06F66F5A8B69}.Release|iPhone.Build.0 = Release|Any CPU
		{C5A83DEA-C6AD-4BA5-A6A8-06F66F5A8B69}.Release|iPhone.Deploy.0 = Release|Any CPU
		{C5A83DEA-C6AD-4BA5-A6A8-06F66F5A8B69}.Release|iPhoneSimulator.ActiveCfg = Release|Any CPU
		{C5A83DEA-C6AD-4BA5-A6A8-06F66F5A8B69}.Release|iPhoneSimulator.Build.0 = Release|Any CPU
		{C5A83DEA-C6AD-4BA5-A6A8-06F66F5A8B69}.Release|iPhoneSimulator.Deploy.0 = Release|Any CPU
		{C5A83DEA-C6AD-4BA5-A6A8-06F66F5A8B69}.Release|x64.ActiveCfg = Release|Any CPU
		{C5A83DEA-C6AD-4BA5-A6A8-06F66F5A8B69}.Release|x64.Build.0 = Release|Any CPU
		{C5A83DEA-C6AD-4BA5-A6A8-06F66F5A8B69}.Release|x64.Deploy.0 = Release|Any CPU
		{C5A83DEA-C6AD-4BA5-A6A8-06F66F5A8B69}.Release|x86.ActiveCfg = Release|Any CPU
		{C5A83DEA-C6AD-4BA5-A6A8-06F66F5A8B69}.Release|x86.Build.0 = Release|Any CPU
		{C5A83DEA-C6AD-4BA5-A6A8-06F66F5A8B69}.Release|x86.Deploy.0 = Release|Any CPU
	EndGlobalSection
	GlobalSection(SolutionProperties) = preSolution
		HideSolutionNode = FALSE
	EndGlobalSection
	GlobalSection(ExtensibilityGlobals) = postSolution
		SolutionGuid = {D391F6A8-E80E-4062-8821-4E45559E70FC}
	EndGlobalSection
EndGlobal
